
Microsoft Visual Studio Solution File, Format Version 12.00
# Visual Studio Version 16
VisualStudioVersion = 16.0.30114.105
MinimumVisualStudioVersion = 10.0.40219.1
Project("{FAE04EC0-301F-11D3-BF4B-00C04F79EFBC}") = "Aplication", "Aplication\Aplication.csproj", "{4BE534BD-DA54-4037-803B-70C627486276}"
EndProject
Project("{FAE04EC0-301F-11D3-BF4B-00C04F79EFBC}") = "Domain", "Domain\Domain.csproj", "{7D33CDCE-6D5F-4C96-AAB2-8E82C0A9FDB5}"
EndProject
Project("{FAE04EC0-301F-11D3-BF4B-00C04F79EFBC}") = "Persistence", "Persistence\Persistence.csproj", "{322275DE-C071-4DDD-976A-D1D851C531F2}"
EndProject
Project("{FAE04EC0-301F-11D3-BF4B-00C04F79EFBC}") = "eventos", "eventos\eventos.csproj", "{19345A80-0250-45F7-8234-7F124DB4388D}"
EndProject
Global
	GlobalSection(SolutionConfigurationPlatforms) = preSolution
		Debug|Any CPU = Debug|Any CPU
		Debug|x64 = Debug|x64
		Debug|x86 = Debug|x86
		Release|Any CPU = Release|Any CPU
		Release|x64 = Release|x64
		Release|x86 = Release|x86
	EndGlobalSection
	GlobalSection(SolutionProperties) = preSolution
		HideSolutionNode = FALSE
	EndGlobalSection
	GlobalSection(ProjectConfigurationPlatforms) = postSolution
		{4BE534BD-DA54-4037-803B-70C627486276}.Debug|Any CPU.ActiveCfg = Debug|Any CPU
		{4BE534BD-DA54-4037-803B-70C627486276}.Debug|Any CPU.Build.0 = Debug|Any CPU
		{4BE534BD-DA54-4037-803B-70C627486276}.Debug|x64.ActiveCfg = Debug|Any CPU
		{4BE534BD-DA54-4037-803B-70C627486276}.Debug|x64.Build.0 = Debug|Any CPU
		{4BE534BD-DA54-4037-803B-70C627486276}.Debug|x86.ActiveCfg = Debug|Any CPU
		{4BE534BD-DA54-4037-803B-70C627486276}.Debug|x86.Build.0 = Debug|Any CPU
		{4BE534BD-DA54-4037-803B-70C627486276}.Release|Any CPU.ActiveCfg = Release|Any CPU
		{4BE534BD-DA54-4037-803B-70C627486276}.Release|Any CPU.Build.0 = Release|Any CPU
		{4BE534BD-DA54-4037-803B-70C627486276}.Release|x64.ActiveCfg = Release|Any CPU
		{4BE534BD-DA54-4037-803B-70C627486276}.Release|x64.Build.0 = Release|Any CPU
		{4BE534BD-DA54-4037-803B-70C627486276}.Release|x86.ActiveCfg = Release|Any CPU
		{4BE534BD-DA54-4037-803B-70C627486276}.Release|x86.Build.0 = Release|Any CPU
		{7D33CDCE-6D5F-4C96-AAB2-8E82C0A9FDB5}.Debug|Any CPU.ActiveCfg = Debug|Any CPU
		{7D33CDCE-6D5F-4C96-AAB2-8E82C0A9FDB5}.Debug|Any CPU.Build.0 = Debug|Any CPU
		{7D33CDCE-6D5F-4C96-AAB2-8E82C0A9FDB5}.Debug|x64.ActiveCfg = Debug|Any CPU
		{7D33CDCE-6D5F-4C96-AAB2-8E82C0A9FDB5}.Debug|x64.Build.0 = Debug|Any CPU
		{7D33CDCE-6D5F-4C96-AAB2-8E82C0A9FDB5}.Debug|x86.ActiveCfg = Debug|Any CPU
		{7D33CDCE-6D5F-4C96-AAB2-8E82C0A9FDB5}.Debug|x86.Build.0 = Debug|Any CPU
		{7D33CDCE-6D5F-4C96-AAB2-8E82C0A9FDB5}.Release|Any CPU.ActiveCfg = Release|Any CPU
		{7D33CDCE-6D5F-4C96-AAB2-8E82C0A9FDB5}.Release|Any CPU.Build.0 = Release|Any CPU
		{7D33CDCE-6D5F-4C96-AAB2-8E82C0A9FDB5}.Release|x64.ActiveCfg = Release|Any CPU
		{7D33CDCE-6D5F-4C96-AAB2-8E82C0A9FDB5}.Release|x64.Build.0 = Release|Any CPU
		{7D33CDCE-6D5F-4C96-AAB2-8E82C0A9FDB5}.Release|x86.ActiveCfg = Release|Any CPU
		{7D33CDCE-6D5F-4C96-AAB2-8E82C0A9FDB5}.Release|x86.Build.0 = Release|Any CPU
		{322275DE-C071-4DDD-976A-D1D851C531F2}.Debug|Any CPU.ActiveCfg = Debug|Any CPU
		{322275DE-C071-4DDD-976A-D1D851C531F2}.Debug|Any CPU.Build.0 = Debug|Any CPU
		{322275DE-C071-4DDD-976A-D1D851C531F2}.Debug|x64.ActiveCfg = Debug|Any CPU
		{322275DE-C071-4DDD-976A-D1D851C531F2}.Debug|x64.Build.0 = Debug|Any CPU
		{322275DE-C071-4DDD-976A-D1D851C531F2}.Debug|x86.ActiveCfg = Debug|Any CPU
		{322275DE-C071-4DDD-976A-D1D851C531F2}.Debug|x86.Build.0 = Debug|Any CPU
		{322275DE-C071-4DDD-976A-D1D851C531F2}.Release|Any CPU.ActiveCfg = Release|Any CPU
		{322275DE-C071-4DDD-976A-D1D851C531F2}.Release|Any CPU.Build.0 = Release|Any CPU
		{322275DE-C071-4DDD-976A-D1D851C531F2}.Release|x64.ActiveCfg = Release|Any CPU
		{322275DE-C071-4DDD-976A-D1D851C531F2}.Release|x64.Build.0 = Release|Any CPU
		{322275DE-C071-4DDD-976A-D1D851C531F2}.Release|x86.ActiveCfg = Release|Any CPU
		{322275DE-C071-4DDD-976A-D1D851C531F2}.Release|x86.Build.0 = Release|Any CPU
		{19345A80-0250-45F7-8234-7F124DB4388D}.Debug|Any CPU.ActiveCfg = Debug|Any CPU
		{19345A80-0250-45F7-8234-7F124DB4388D}.Debug|Any CPU.Build.0 = Debug|Any CPU
		{19345A80-0250-45F7-8234-7F124DB4388D}.Debug|x64.ActiveCfg = Debug|Any CPU
		{19345A80-0250-45F7-8234-7F124DB4388D}.Debug|x64.Build.0 = Debug|Any CPU
		{19345A80-0250-45F7-8234-7F124DB4388D}.Debug|x86.ActiveCfg = Debug|Any CPU
		{19345A80-0250-45F7-8234-7F124DB4388D}.Debug|x86.Build.0 = Debug|Any CPU
		{19345A80-0250-45F7-8234-7F124DB4388D}.Release|Any CPU.ActiveCfg = Release|Any CPU
		{19345A80-0250-45F7-8234-7F124DB4388D}.Release|Any CPU.Build.0 = Release|Any CPU
		{19345A80-0250-45F7-8234-7F124DB4388D}.Release|x64.ActiveCfg = Release|Any CPU
		{19345A80-0250-45F7-8234-7F124DB4388D}.Release|x64.Build.0 = Release|Any CPU
		{19345A80-0250-45F7-8234-7F124DB4388D}.Release|x86.ActiveCfg = Release|Any CPU
		{19345A80-0250-45F7-8234-7F124DB4388D}.Release|x86.Build.0 = Release|Any CPU
	EndGlobalSection
EndGlobal
